// !$*UTF8*$!
{
	archiveVersion = 1;
	classes = {
	};
	objectVersion = 46;
	objects = {

/* Begin PBXBuildFile section */
		FB25AC271C4FA12E007D3F49 /* LocalAccessTokenManager.swift in Sources */ = {isa = PBXBuildFile; fileRef = FB25AC261C4FA12E007D3F49 /* LocalAccessTokenManager.swift */; settings = {ASSET_TAGS = (); }; };
		FB25AC291C4FA42E007D3F49 /* RestApiManager.swift in Sources */ = {isa = PBXBuildFile; fileRef = FB25AC281C4FA42E007D3F49 /* RestApiManager.swift */; settings = {ASSET_TAGS = (); }; };
		FB6393F91C5108A400AA422F /* MaintenanceInfoBoxView.swift in Sources */ = {isa = PBXBuildFile; fileRef = FB6393F81C5108A400AA422F /* MaintenanceInfoBoxView.swift */; settings = {ASSET_TAGS = (); }; };
		FB6C49D51C4F8357003E6363 /* AppDelegate.swift in Sources */ = {isa = PBXBuildFile; fileRef = FB6C49D41C4F8357003E6363 /* AppDelegate.swift */; };
		FB6C49D71C4F8357003E6363 /* ViewController.swift in Sources */ = {isa = PBXBuildFile; fileRef = FB6C49D61C4F8357003E6363 /* ViewController.swift */; };
		FB6C49DA1C4F8357003E6363 /* Main.storyboard in Resources */ = {isa = PBXBuildFile; fileRef = FB6C49D81C4F8357003E6363 /* Main.storyboard */; };
		FB6C49DC1C4F8357003E6363 /* Assets.xcassets in Resources */ = {isa = PBXBuildFile; fileRef = FB6C49DB1C4F8357003E6363 /* Assets.xcassets */; };
		FB6C49DF1C4F8357003E6363 /* LaunchScreen.storyboard in Resources */ = {isa = PBXBuildFile; fileRef = FB6C49DD1C4F8357003E6363 /* LaunchScreen.storyboard */; };
		FB6C49EA1C4F8357003E6363 /* pageBasedYachtmanagerTests.swift in Sources */ = {isa = PBXBuildFile; fileRef = FB6C49E91C4F8357003E6363 /* pageBasedYachtmanagerTests.swift */; };
		FB6C49F51C4F8357003E6363 /* pageBasedYachtmanagerUITests.swift in Sources */ = {isa = PBXBuildFile; fileRef = FB6C49F41C4F8357003E6363 /* pageBasedYachtmanagerUITests.swift */; };
		FB6C4A081C4F8826003E6363 /* YachtViewController.swift in Sources */ = {isa = PBXBuildFile; fileRef = FB6C4A071C4F8826003E6363 /* YachtViewController.swift */; settings = {ASSET_TAGS = (); }; };
		FBAD57BE1C4FB8920072D2E7 /* YachtModel.swift in Sources */ = {isa = PBXBuildFile; fileRef = FBAD57BD1C4FB8920072D2E7 /* YachtModel.swift */; settings = {ASSET_TAGS = (); }; };
/* End PBXBuildFile section */

/* Begin PBXContainerItemProxy section */
		FB25AC4E1C4FA670007D3F49 /* PBXContainerItemProxy */ = {
			isa = PBXContainerItemProxy;
			containerPortal = FB25AC471C4FA670007D3F49 /* SwiftyJSON.xcodeproj */;
			proxyType = 2;
			remoteGlobalIDString = 2E4FEFDB19575BE100351305;
			remoteInfo = SwiftyJSON;
		};
		FB25AC501C4FA670007D3F49 /* PBXContainerItemProxy */ = {
			isa = PBXContainerItemProxy;
			containerPortal = FB25AC471C4FA670007D3F49 /* SwiftyJSON.xcodeproj */;
			proxyType = 2;
			remoteGlobalIDString = 2E4FEFE619575BE100351305;
			remoteInfo = SwiftyJSONTests;
		};
		FB25AC521C4FA670007D3F49 /* PBXContainerItemProxy */ = {
			isa = PBXContainerItemProxy;
			containerPortal = FB25AC471C4FA670007D3F49 /* SwiftyJSON.xcodeproj */;
			proxyType = 2;
			remoteGlobalIDString = 4EC1C1C91A0C1A2D0026ED0B;
			remoteInfo = SwiftyJSONOSX;
		};
		FB25AC541C4FA670007D3F49 /* PBXContainerItemProxy */ = {
			isa = PBXContainerItemProxy;
			containerPortal = FB25AC471C4FA670007D3F49 /* SwiftyJSON.xcodeproj */;
			proxyType = 2;
			remoteGlobalIDString = 4EC1C1D31A0C1A2D0026ED0B;
			remoteInfo = SwiftyJSONOSXTests;
		};
		FB6C49E61C4F8357003E6363 /* PBXContainerItemProxy */ = {
			isa = PBXContainerItemProxy;
			containerPortal = FB6C49C91C4F8357003E6363 /* Project object */;
			proxyType = 1;
			remoteGlobalIDString = FB6C49D01C4F8357003E6363;
			remoteInfo = pageBasedYachtmanager;
		};
		FB6C49F11C4F8357003E6363 /* PBXContainerItemProxy */ = {
			isa = PBXContainerItemProxy;
			containerPortal = FB6C49C91C4F8357003E6363 /* Project object */;
			proxyType = 1;
			remoteGlobalIDString = FB6C49D01C4F8357003E6363;
			remoteInfo = pageBasedYachtmanager;
		};
/* End PBXContainerItemProxy section */

/* Begin PBXFileReference section */
		FB25AC261C4FA12E007D3F49 /* LocalAccessTokenManager.swift */ = {isa = PBXFileReference; fileEncoding = 4; lastKnownFileType = sourcecode.swift; path = LocalAccessTokenManager.swift; sourceTree = "<group>"; };
		FB25AC281C4FA42E007D3F49 /* RestApiManager.swift */ = {isa = PBXFileReference; fileEncoding = 4; lastKnownFileType = sourcecode.swift; path = RestApiManager.swift; sourceTree = "<group>"; };
		FB25AC471C4FA670007D3F49 /* SwiftyJSON.xcodeproj */ = {isa = PBXFileReference; lastKnownFileType = "wrapper.pb-project"; name = SwiftyJSON.xcodeproj; path = "../../Downloads/SwiftyJSON-master/SwiftyJSON.xcodeproj"; sourceTree = "<group>"; };
		FB6393F81C5108A400AA422F /* MaintenanceInfoBoxView.swift */ = {isa = PBXFileReference; fileEncoding = 4; lastKnownFileType = sourcecode.swift; path = MaintenanceInfoBoxView.swift; sourceTree = "<group>"; };
		FB6C49D11C4F8357003E6363 /* pageBasedYachtmanager.app */ = {isa = PBXFileReference; explicitFileType = wrapper.application; includeInIndex = 0; path = pageBasedYachtmanager.app; sourceTree = BUILT_PRODUCTS_DIR; };
		FB6C49D41C4F8357003E6363 /* AppDelegate.swift */ = {isa = PBXFileReference; lastKnownFileType = sourcecode.swift; path = AppDelegate.swift; sourceTree = "<group>"; };
		FB6C49D61C4F8357003E6363 /* ViewController.swift */ = {isa = PBXFileReference; lastKnownFileType = sourcecode.swift; path = ViewController.swift; sourceTree = "<group>"; };
		FB6C49D91C4F8357003E6363 /* Base */ = {isa = PBXFileReference; lastKnownFileType = file.storyboard; name = Base; path = Base.lproj/Main.storyboard; sourceTree = "<group>"; };
		FB6C49DB1C4F8357003E6363 /* Assets.xcassets */ = {isa = PBXFileReference; lastKnownFileType = folder.assetcatalog; path = Assets.xcassets; sourceTree = "<group>"; };
		FB6C49DE1C4F8357003E6363 /* Base */ = {isa = PBXFileReference; lastKnownFileType = file.storyboard; name = Base; path = Base.lproj/LaunchScreen.storyboard; sourceTree = "<group>"; };
		FB6C49E01C4F8357003E6363 /* Info.plist */ = {isa = PBXFileReference; lastKnownFileType = text.plist.xml; path = Info.plist; sourceTree = "<group>"; };
		FB6C49E51C4F8357003E6363 /* pageBasedYachtmanagerTests.xctest */ = {isa = PBXFileReference; explicitFileType = wrapper.cfbundle; includeInIndex = 0; path = pageBasedYachtmanagerTests.xctest; sourceTree = BUILT_PRODUCTS_DIR; };
		FB6C49E91C4F8357003E6363 /* pageBasedYachtmanagerTests.swift */ = {isa = PBXFileReference; lastKnownFileType = sourcecode.swift; path = pageBasedYachtmanagerTests.swift; sourceTree = "<group>"; };
		FB6C49EB1C4F8357003E6363 /* Info.plist */ = {isa = PBXFileReference; lastKnownFileType = text.plist.xml; path = Info.plist; sourceTree = "<group>"; };
		FB6C49F01C4F8357003E6363 /* pageBasedYachtmanagerUITests.xctest */ = {isa = PBXFileReference; explicitFileType = wrapper.cfbundle; includeInIndex = 0; path = pageBasedYachtmanagerUITests.xctest; sourceTree = BUILT_PRODUCTS_DIR; };
		FB6C49F41C4F8357003E6363 /* pageBasedYachtmanagerUITests.swift */ = {isa = PBXFileReference; lastKnownFileType = sourcecode.swift; path = pageBasedYachtmanagerUITests.swift; sourceTree = "<group>"; };
		FB6C49F61C4F8357003E6363 /* Info.plist */ = {isa = PBXFileReference; lastKnownFileType = text.plist.xml; path = Info.plist; sourceTree = "<group>"; };
		FB6C4A071C4F8826003E6363 /* YachtViewController.swift */ = {isa = PBXFileReference; fileEncoding = 4; lastKnownFileType = sourcecode.swift; path = YachtViewController.swift; sourceTree = "<group>"; };
		FBAD57BD1C4FB8920072D2E7 /* YachtModel.swift */ = {isa = PBXFileReference; fileEncoding = 4; lastKnownFileType = sourcecode.swift; name = YachtModel.swift; path = ../YachtModel.swift; sourceTree = "<group>"; };
/* End PBXFileReference section */

/* Begin PBXFrameworksBuildPhase section */
		FB6C49CE1C4F8357003E6363 /* Frameworks */ = {
			isa = PBXFrameworksBuildPhase;
			buildActionMask = 2147483647;
			files = (
			);
			runOnlyForDeploymentPostprocessing = 0;
		};
		FB6C49E21C4F8357003E6363 /* Frameworks */ = {
			isa = PBXFrameworksBuildPhase;
			buildActionMask = 2147483647;
			files = (
			);
			runOnlyForDeploymentPostprocessing = 0;
		};
		FB6C49ED1C4F8357003E6363 /* Frameworks */ = {
			isa = PBXFrameworksBuildPhase;
			buildActionMask = 2147483647;
			files = (
			);
			runOnlyForDeploymentPostprocessing = 0;
		};
/* End PBXFrameworksBuildPhase section */

/* Begin PBXGroup section */
		FB25AC251C4FA0C5007D3F49 /* components */ = {
			isa = PBXGroup;
			children = (
				FB25AC261C4FA12E007D3F49 /* LocalAccessTokenManager.swift */,
				FB25AC281C4FA42E007D3F49 /* RestApiManager.swift */,
			);
			name = components;
			sourceTree = "<group>";
		};
		FB25AC481C4FA670007D3F49 /* Products */ = {
			isa = PBXGroup;
			children = (
				FB25AC4F1C4FA670007D3F49 /* SwiftyJSON.framework */,
				FB25AC511C4FA670007D3F49 /* SwiftyJSONTests.xctest */,
				FB25AC531C4FA670007D3F49 /* SwiftyJSON.framework */,
				FB25AC551C4FA670007D3F49 /* SwiftyJSONOSXTests.xctest */,
			);
			name = Products;
			sourceTree = "<group>";
		};
		FB6393F71C51086400AA422F /* view */ = {
			isa = PBXGroup;
			children = (
				FB6393F81C5108A400AA422F /* MaintenanceInfoBoxView.swift */,
			);
			name = view;
			sourceTree = "<group>";
		};
		FB6C49C81C4F8357003E6363 = {
			isa = PBXGroup;
			children = (
				FB6C49D31C4F8357003E6363 /* pageBasedYachtmanager */,
				FB6C49E81C4F8357003E6363 /* pageBasedYachtmanagerTests */,
				FB6C49F31C4F8357003E6363 /* pageBasedYachtmanagerUITests */,
				FB6C49D21C4F8357003E6363 /* Products */,
				FB25AC471C4FA670007D3F49 /* SwiftyJSON.xcodeproj */,
			);
			sourceTree = "<group>";
		};
		FB6C49D21C4F8357003E6363 /* Products */ = {
			isa = PBXGroup;
			children = (
				FB6C49D11C4F8357003E6363 /* pageBasedYachtmanager.app */,
				FB6C49E51C4F8357003E6363 /* pageBasedYachtmanagerTests.xctest */,
				FB6C49F01C4F8357003E6363 /* pageBasedYachtmanagerUITests.xctest */,
			);
			name = Products;
			sourceTree = "<group>";
		};
		FB6C49D31C4F8357003E6363 /* pageBasedYachtmanager */ = {
			isa = PBXGroup;
			children = (
				FB6393F71C51086400AA422F /* view */,
				FBAD57BF1C4FC1B60072D2E7 /* models */,
				FB25AC251C4FA0C5007D3F49 /* components */,
				FB6C4A041C4F843E003E6363 /* controllers */,
				FB6C49D41C4F8357003E6363 /* AppDelegate.swift */,
				FB6C49D81C4F8357003E6363 /* Main.storyboard */,
				FB6C49DB1C4F8357003E6363 /* Assets.xcassets */,
				FB6C49DD1C4F8357003E6363 /* LaunchScreen.storyboard */,
				FB6C49E01C4F8357003E6363 /* Info.plist */,
			);
			path = pageBasedYachtmanager;
			sourceTree = "<group>";
		};
		FB6C49E81C4F8357003E6363 /* pageBasedYachtmanagerTests */ = {
			isa = PBXGroup;
			children = (
				FB6C49E91C4F8357003E6363 /* pageBasedYachtmanagerTests.swift */,
				FB6C49EB1C4F8357003E6363 /* Info.plist */,
			);
			path = pageBasedYachtmanagerTests;
			sourceTree = "<group>";
		};
		FB6C49F31C4F8357003E6363 /* pageBasedYachtmanagerUITests */ = {
			isa = PBXGroup;
			children = (
				FB6C49F41C4F8357003E6363 /* pageBasedYachtmanagerUITests.swift */,
				FB6C49F61C4F8357003E6363 /* Info.plist */,
			);
			path = pageBasedYachtmanagerUITests;
			sourceTree = "<group>";
		};
		FB6C4A041C4F843E003E6363 /* controllers */ = {
			isa = PBXGroup;
			children = (
				FB6C49D61C4F8357003E6363 /* ViewController.swift */,
				FB6C4A071C4F8826003E6363 /* YachtViewController.swift */,
			);
			name = controllers;
			sourceTree = "<group>";
		};
		FBAD57BF1C4FC1B60072D2E7 /* models */ = {
			isa = PBXGroup;
			children = (
				FBAD57BD1C4FB8920072D2E7 /* YachtModel.swift */,
			);
			name = models;
			sourceTree = "<group>";
		};
/* End PBXGroup section */

/* Begin PBXNativeTarget section */
		FB6C49D01C4F8357003E6363 /* pageBasedYachtmanager */ = {
			isa = PBXNativeTarget;
			buildConfigurationList = FB6C49F91C4F8357003E6363 /* Build configuration list for PBXNativeTarget "pageBasedYachtmanager" */;
			buildPhases = (
				FB6C49CD1C4F8357003E6363 /* Sources */,
				FB6C49CE1C4F8357003E6363 /* Frameworks */,
				FB6C49CF1C4F8357003E6363 /* Resources */,
			);
			buildRules = (
			);
			dependencies = (
			);
			name = pageBasedYachtmanager;
			productName = pageBasedYachtmanager;
			productReference = FB6C49D11C4F8357003E6363 /* pageBasedYachtmanager.app */;
			productType = "com.apple.product-type.application";
		};
		FB6C49E41C4F8357003E6363 /* pageBasedYachtmanagerTests */ = {
			isa = PBXNativeTarget;
			buildConfigurationList = FB6C49FC1C4F8357003E6363 /* Build configuration list for PBXNativeTarget "pageBasedYachtmanagerTests" */;
			buildPhases = (
				FB6C49E11C4F8357003E6363 /* Sources */,
				FB6C49E21C4F8357003E6363 /* Frameworks */,
				FB6C49E31C4F8357003E6363 /* Resources */,
			);
			buildRules = (
			);
			dependencies = (
				FB6C49E71C4F8357003E6363 /* PBXTargetDependency */,
			);
			name = pageBasedYachtmanagerTests;
			productName = pageBasedYachtmanagerTests;
			productReference = FB6C49E51C4F8357003E6363 /* pageBasedYachtmanagerTests.xctest */;
			productType = "com.apple.product-type.bundle.unit-test";
		};
		FB6C49EF1C4F8357003E6363 /* pageBasedYachtmanagerUITests */ = {
			isa = PBXNativeTarget;
			buildConfigurationList = FB6C49FF1C4F8357003E6363 /* Build configuration list for PBXNativeTarget "pageBasedYachtmanagerUITests" */;
			buildPhases = (
				FB6C49EC1C4F8357003E6363 /* Sources */,
				FB6C49ED1C4F8357003E6363 /* Frameworks */,
				FB6C49EE1C4F8357003E6363 /* Resources */,
			);
			buildRules = (
			);
			dependencies = (
				FB6C49F21C4F8357003E6363 /* PBXTargetDependency */,
			);
			name = pageBasedYachtmanagerUITests;
			productName = pageBasedYachtmanagerUITests;
			productReference = FB6C49F01C4F8357003E6363 /* pageBasedYachtmanagerUITests.xctest */;
			productType = "com.apple.product-type.bundle.ui-testing";
		};
/* End PBXNativeTarget section */

/* Begin PBXProject section */
		FB6C49C91C4F8357003E6363 /* Project object */ = {
			isa = PBXProject;
			attributes = {
				LastSwiftUpdateCheck = 0700;
				LastUpgradeCheck = 0700;
				ORGANIZATIONNAME = Reinier;
				TargetAttributes = {
					FB6C49D01C4F8357003E6363 = {
						CreatedOnToolsVersion = 7.0.1;
					};
					FB6C49E41C4F8357003E6363 = {
						CreatedOnToolsVersion = 7.0.1;
						TestTargetID = FB6C49D01C4F8357003E6363;
					};
					FB6C49EF1C4F8357003E6363 = {
						CreatedOnToolsVersion = 7.0.1;
						TestTargetID = FB6C49D01C4F8357003E6363;
					};
				};
			};
			buildConfigurationList = FB6C49CC1C4F8357003E6363 /* Build configuration list for PBXProject "pageBasedYachtmanager" */;
			compatibilityVersion = "Xcode 3.2";
			developmentRegion = English;
			hasScannedForEncodings = 0;
			knownRegions = (
				en,
				Base,
			);
			mainGroup = FB6C49C81C4F8357003E6363;
			productRefGroup = FB6C49D21C4F8357003E6363 /* Products */;
			projectDirPath = "";
			projectReferences = (
				{
					ProductGroup = FB25AC481C4FA670007D3F49 /* Products */;
					ProjectRef = FB25AC471C4FA670007D3F49 /* SwiftyJSON.xcodeproj */;
				},
			);
			projectRoot = "";
			targets = (
				FB6C49D01C4F8357003E6363 /* pageBasedYachtmanager */,
				FB6C49E41C4F8357003E6363 /* pageBasedYachtmanagerTests */,
				FB6C49EF1C4F8357003E6363 /* pageBasedYachtmanagerUITests */,
			);
		};
/* End PBXProject section */

/* Begin PBXReferenceProxy section */
		FB25AC4F1C4FA670007D3F49 /* SwiftyJSON.framework */ = {
			isa = PBXReferenceProxy;
			fileType = wrapper.framework;
			path = SwiftyJSON.framework;
			remoteRef = FB25AC4E1C4FA670007D3F49 /* PBXContainerItemProxy */;
			sourceTree = BUILT_PRODUCTS_DIR;
		};
		FB25AC511C4FA670007D3F49 /* SwiftyJSONTests.xctest */ = {
			isa = PBXReferenceProxy;
			fileType = wrapper.cfbundle;
			path = SwiftyJSONTests.xctest;
			remoteRef = FB25AC501C4FA670007D3F49 /* PBXContainerItemProxy */;
			sourceTree = BUILT_PRODUCTS_DIR;
		};
		FB25AC531C4FA670007D3F49 /* SwiftyJSON.framework */ = {
			isa = PBXReferenceProxy;
			fileType = wrapper.framework;
			path = SwiftyJSON.framework;
			remoteRef = FB25AC521C4FA670007D3F49 /* PBXContainerItemProxy */;
			sourceTree = BUILT_PRODUCTS_DIR;
		};
		FB25AC551C4FA670007D3F49 /* SwiftyJSONOSXTests.xctest */ = {
			isa = PBXReferenceProxy;
			fileType = wrapper.cfbundle;
			path = SwiftyJSONOSXTests.xctest;
			remoteRef = FB25AC541C4FA670007D3F49 /* PBXContainerItemProxy */;
			sourceTree = BUILT_PRODUCTS_DIR;
		};
/* End PBXReferenceProxy section */

/* Begin PBXResourcesBuildPhase section */
		FB6C49CF1C4F8357003E6363 /* Resources */ = {
			isa = PBXResourcesBuildPhase;
			buildActionMask = 2147483647;
			files = (
				FB6C49DF1C4F8357003E6363 /* LaunchScreen.storyboard in Resources */,
				FB6C49DC1C4F8357003E6363 /* Assets.xcassets in Resources */,
				FB6C49DA1C4F8357003E6363 /* Main.storyboard in Resources */,
			);
			runOnlyForDeploymentPostprocessing = 0;
		};
		FB6C49E31C4F8357003E6363 /* Resources */ = {
			isa = PBXResourcesBuildPhase;
			buildActionMask = 2147483647;
			files = (
			);
			runOnlyForDeploymentPostprocessing = 0;
		};
		FB6C49EE1C4F8357003E6363 /* Resources */ = {
			isa = PBXResourcesBuildPhase;
			buildActionMask = 2147483647;
			files = (
			);
			runOnlyForDeploymentPostprocessing = 0;
		};
/* End PBXResourcesBuildPhase section */

/* Begin PBXSourcesBuildPhase section */
		FB6C49CD1C4F8357003E6363 /* Sources */ = {
			isa = PBXSourcesBuildPhase;
			buildActionMask = 2147483647;
			files = (
				FB6C4A081C4F8826003E6363 /* YachtViewController.swift in Sources */,
				FBAD57BE1C4FB8920072D2E7 /* YachtModel.swift in Sources */,
				FB25AC271C4FA12E007D3F49 /* LocalAccessTokenManager.swift in Sources */,
				FB6393F91C5108A400AA422F /* MaintenanceInfoBoxView.swift in Sources */,
				FB6C49D71C4F8357003E6363 /* ViewController.swift in Sources */,
				FB25AC291C4FA42E007D3F49 /* RestApiManager.swift in Sources */,
				FB6C49D51C4F8357003E6363 /* AppDelegate.swift in Sources */,
			);
			runOnlyForDeploymentPostprocessing = 0;
		};
		FB6C49E11C4F8357003E6363 /* Sources */ = {
			isa = PBXSourcesBuildPhase;
			buildActionMask = 2147483647;
			files = (
				FB6C49EA1C4F8357003E6363 /* pageBasedYachtmanagerTests.swift in Sources */,
			);
			runOnlyForDeploymentPostprocessing = 0;
		};
		FB6C49EC1C4F8357003E6363 /* Sources */ = {
			isa = PBXSourcesBuildPhase;
			buildActionMask = 2147483647;
			files = (
				FB6C49F51C4F8357003E6363 /* pageBasedYachtmanagerUITests.swift in Sources */,
			);
			runOnlyForDeploymentPostprocessing = 0;
		};
/* End PBXSourcesBuildPhase section */

/* Begin PBXTargetDependency section */
		FB6C49E71C4F8357003E6363 /* PBXTargetDependency */ = {
			isa = PBXTargetDependency;
			target = FB6C49D01C4F8357003E6363 /* pageBasedYachtmanager */;
			targetProxy = FB6C49E61C4F8357003E6363 /* PBXContainerItemProxy */;
		};
		FB6C49F21C4F8357003E6363 /* PBXTargetDependency */ = {
			isa = PBXTargetDependency;
			target = FB6C49D01C4F8357003E6363 /* pageBasedYachtmanager */;
			targetProxy = FB6C49F11C4F8357003E6363 /* PBXContainerItemProxy */;
		};
/* End PBXTargetDependency section */

/* Begin PBXVariantGroup section */
		FB6C49D81C4F8357003E6363 /* Main.storyboard */ = {
			isa = PBXVariantGroup;
			children = (
				FB6C49D91C4F8357003E6363 /* Base */,
			);
			name = Main.storyboard;
			sourceTree = "<group>";
		};
		FB6C49DD1C4F8357003E6363 /* LaunchScreen.storyboard */ = {
			isa = PBXVariantGroup;
			children = (
				FB6C49DE1C4F8357003E6363 /* Base */,
			);
			name = LaunchScreen.storyboard;
			sourceTree = "<group>";
		};
/* End PBXVariantGroup section */

/* Begin XCBuildConfiguration section */
		FB6C49F71C4F8357003E6363 /* Debug */ = {
			isa = XCBuildConfiguration;
			buildSettings = {
				ALWAYS_SEARCH_USER_PATHS = NO;
				CLANG_CXX_LANGUAGE_STANDARD = "gnu++0x";
				CLANG_CXX_LIBRARY = "libc++";
				CLANG_ENABLE_MODULES = YES;
				CLANG_ENABLE_OBJC_ARC = YES;
				CLANG_WARN_BOOL_CONVERSION = YES;
				CLANG_WARN_CONSTANT_CONVERSION = YES;
				CLANG_WARN_DIRECT_OBJC_ISA_USAGE = YES_ERROR;
				CLANG_WARN_EMPTY_BODY = YES;
				CLANG_WARN_ENUM_CONVERSION = YES;
				CLANG_WARN_INT_CONVERSION = YES;
				CLANG_WARN_OBJC_ROOT_CLASS = YES_ERROR;
				CLANG_WARN_UNREACHABLE_CODE = YES;
				CLANG_WARN__DUPLICATE_METHOD_MATCH = YES;
				"CODE_SIGN_IDENTITY[sdk=iphoneos*]" = "iPhone Developer";
				COPY_PHASE_STRIP = NO;
				DEBUG_INFORMATION_FORMAT = dwarf;
				ENABLE_STRICT_OBJC_MSGSEND = YES;
				ENABLE_TESTABILITY = YES;
				GCC_C_LANGUAGE_STANDARD = gnu99;
				GCC_DYNAMIC_NO_PIC = NO;
				GCC_NO_COMMON_BLOCKS = YES;
				GCC_OPTIMIZATION_LEVEL = 0;
				GCC_PREPROCESSOR_DEFINITIONS = (
					"DEBUG=1",
					"$(inherited)",
				);
				GCC_WARN_64_TO_32_BIT_CONVERSION = YES;
				GCC_WARN_ABOUT_RETURN_TYPE = YES_ERROR;
				GCC_WARN_UNDECLARED_SELECTOR = YES;
				GCC_WARN_UNINITIALIZED_AUTOS = YES_AGGRESSIVE;
				GCC_WARN_UNUSED_FUNCTION = YES;
				GCC_WARN_UNUSED_VARIABLE = YES;
				IPHONEOS_DEPLOYMENT_TARGET = 9.0;
				MTL_ENABLE_DEBUG_INFO = YES;
				ONLY_ACTIVE_ARCH = YES;
				SDKROOT = iphoneos;
				SWIFT_OPTIMIZATION_LEVEL = "-Onone";
			};
			name = Debug;
		};
		FB6C49F81C4F8357003E6363 /* Release */ = {
			isa = XCBuildConfiguration;
			buildSettings = {
				ALWAYS_SEARCH_USER_PATHS = NO;
				CLANG_CXX_LANGUAGE_STANDARD = "gnu++0x";
				CLANG_CXX_LIBRARY = "libc++";
				CLANG_ENABLE_MODULES = YES;
				CLANG_ENABLE_OBJC_ARC = YES;
				CLANG_WARN_BOOL_CONVERSION = YES;
				CLANG_WARN_CONSTANT_CONVERSION = YES;
				CLANG_WARN_DIRECT_OBJC_ISA_USAGE = YES_ERROR;
				CLANG_WARN_EMPTY_BODY = YES;
				CLANG_WARN_ENUM_CONVERSION = YES;
				CLANG_WARN_INT_CONVERSION = YES;
				CLANG_WARN_OBJC_ROOT_CLASS = YES_ERROR;
				CLANG_WARN_UNREACHABLE_CODE = YES;
				CLANG_WARN__DUPLICATE_METHOD_MATCH = YES;
				"CODE_SIGN_IDENTITY[sdk=iphoneos*]" = "iPhone Developer";
				COPY_PHASE_STRIP = NO;
				DEBUG_INFORMATION_FORMAT = "dwarf-with-dsym";
				ENABLE_NS_ASSERTIONS = NO;
				ENABLE_STRICT_OBJC_MSGSEND = YES;
				GCC_C_LANGUAGE_STANDARD = gnu99;
				GCC_NO_COMMON_BLOCKS = YES;
				GCC_WARN_64_TO_32_BIT_CONVERSION = YES;
				GCC_WARN_ABOUT_RETURN_TYPE = YES_ERROR;
				GCC_WARN_UNDECLARED_SELECTOR = YES;
				GCC_WARN_UNINITIALIZED_AUTOS = YES_AGGRESSIVE;
				GCC_WARN_UNUSED_FUNCTION = YES;
				GCC_WARN_UNUSED_VARIABLE = YES;
				IPHONEOS_DEPLOYMENT_TARGET = 9.0;
				MTL_ENABLE_DEBUG_INFO = NO;
				SDKROOT = iphoneos;
				VALIDATE_PRODUCT = YES;
			};
			name = Release;
		};
		FB6C49FA1C4F8357003E6363 /* Debug */ = {
			isa = XCBuildConfiguration;
			buildSettings = {
				ASSETCATALOG_COMPILER_APPICON_NAME = AppIcon;
				INFOPLIST_FILE = pageBasedYachtmanager/Info.plist;
				LD_RUNPATH_SEARCH_PATHS = "$(inherited) @executable_path/Frameworks";
				PRODUCT_BUNDLE_IDENTIFIER = reinier.releaz.pageBasedYachtmanager;
				PRODUCT_NAME = "$(TARGET_NAME)";
			};
			name = Debug;
		};
		FB6C49FB1C4F8357003E6363 /* Release */ = {
			isa = XCBuildConfiguration;
			buildSettings = {
				ASSETCATALOG_COMPILER_APPICON_NAME = AppIcon;
				INFOPLIST_FILE = pageBasedYachtmanager/Info.plist;
				LD_RUNPATH_SEARCH_PATHS = "$(inherited) @executable_path/Frameworks";
				PRODUCT_BUNDLE_IDENTIFIER = reinier.releaz.pageBasedYachtmanager;
				PRODUCT_NAME = "$(TARGET_NAME)";
			};
			name = Release;
		};
		FB6C49FD1C4F8357003E6363 /* Debug */ = {
			isa = XCBuildConfiguration;
			buildSettings = {
				BUNDLE_LOADER = "$(TEST_HOST)";
				INFOPLIST_FILE = pageBasedYachtmanagerTests/Info.plist;
				LD_RUNPATH_SEARCH_PATHS = "$(inherited) @executable_path/Frameworks @loader_path/Frameworks";
				PRODUCT_BUNDLE_IDENTIFIER = reinier.releaz.pageBasedYachtmanagerTests;
				PRODUCT_NAME = "$(TARGET_NAME)";
				TEST_HOST = "$(BUILT_PRODUCTS_DIR)/pageBasedYachtmanager.app/pageBasedYachtmanager";
			};
			name = Debug;
		};
		FB6C49FE1C4F8357003E6363 /* Release */ = {
			isa = XCBuildConfiguration;
			buildSettings = {
				BUNDLE_LOADER = "$(TEST_HOST)";
				INFOPLIST_FILE = pageBasedYachtmanagerTests/Info.plist;
				LD_RUNPATH_SEARCH_PATHS = "$(inherited) @executable_path/Frameworks @loader_path/Frameworks";
				PRODUCT_BUNDLE_IDENTIFIER = reinier.releaz.pageBasedYachtmanagerTests;
				PRODUCT_NAME = "$(TARGET_NAME)";
				TEST_HOST = "$(BUILT_PRODUCTS_DIR)/pageBasedYachtmanager.app/pageBasedYachtmanager";
			};
			name = Release;
		};
		FB6C4A001C4F8357003E6363 /* Debug */ = {
			isa = XCBuildConfiguration;
			buildSettings = {
				INFOPLIST_FILE = pageBasedYachtmanagerUITests/Info.plist;
				LD_RUNPATH_SEARCH_PATHS = "$(inherited) @executable_path/Frameworks @loader_path/Frameworks";
				PRODUCT_BUNDLE_IDENTIFIER = reinier.releaz.pageBasedYachtmanagerUITests;
				PRODUCT_NAME = "$(TARGET_NAME)";
				TEST_TARGET_NAME = pageBasedYachtmanager;
				USES_XCTRUNNER = YES;
			};
			name = Debug;
		};
		FB6C4A011C4F8357003E6363 /* Release */ = {
			isa = XCBuildConfiguration;
			buildSettings = {
				INFOPLIST_FILE = pageBasedYachtmanagerUITests/Info.plist;
				LD_RUNPATH_SEARCH_PATHS = "$(inherited) @executable_path/Frameworks @loader_path/Frameworks";
				PRODUCT_BUNDLE_IDENTIFIER = reinier.releaz.pageBasedYachtmanagerUITests;
				PRODUCT_NAME = "$(TARGET_NAME)";
				TEST_TARGET_NAME = pageBasedYachtmanager;
				USES_XCTRUNNER = YES;
			};
			name = Release;
		};
/* End XCBuildConfiguration section */

/* Begin XCConfigurationList section */
		FB6C49CC1C4F8357003E6363 /* Build configuration list for PBXProject "pageBasedYachtmanager" */ = {
			isa = XCConfigurationList;
			buildConfigurations = (
				FB6C49F71C4F8357003E6363 /* Debug */,
				FB6C49F81C4F8357003E6363 /* Release */,
			);
			defaultConfigurationIsVisible = 0;
			defaultConfigurationName = Release;
		};
		FB6C49F91C4F8357003E6363 /* Build configuration list for PBXNativeTarget "pageBasedYachtmanager" */ = {
			isa = XCConfigurationList;
			buildConfigurations = (
				FB6C49FA1C4F8357003E6363 /* Debug */,
				FB6C49FB1C4F8357003E6363 /* Release */,
			);
			defaultConfigurationIsVisible = 0;
			defaultConfigurationName = Release;
		};
		FB6C49FC1C4F8357003E6363 /* Build configuration list for PBXNativeTarget "pageBasedYachtmanagerTests" */ = {
			isa = XCConfigurationList;
			buildConfigurations = (
				FB6C49FD1C4F8357003E6363 /* Debug */,
				FB6C49FE1C4F8357003E6363 /* Release */,
			);
			defaultConfigurationIsVisible = 0;
			defaultConfigurationName = Release;
		};
		FB6C49FF1C4F8357003E6363 /* Build configuration list for PBXNativeTarget "pageBasedYachtmanagerUITests" */ = {
			isa = XCConfigurationList;
			buildConfigurations = (
				FB6C4A001C4F8357003E6363 /* Debug */,
				FB6C4A011C4F8357003E6363 /* Release */,
			);
			defaultConfigurationIsVisible = 0;
			defaultConfigurationName = Release;
		};
/* End XCConfigurationList section */
	};
	rootObject = FB6C49C91C4F8357003E6363 /* Project object */;
}
